// !$*UTF8*$!
{
	archiveVersion = 1;
	classes = {
	};
	objectVersion = 77;
	objects = {

/* Begin PBXBuildFile section */
		DBEAC26C2E9C721300ED909F /* AppUI in Frameworks */ = {isa = PBXBuildFile; productRef = DBEAC26B2E9C721300ED909F /* AppUI */; };
		DBEAC26E2E9C721300ED909F /* Bridge in Frameworks */ = {isa = PBXBuildFile; productRef = DBEAC26D2E9C721300ED909F /* Bridge */; };
/* End PBXBuildFile section */

/* Begin PBXContainerItemProxy section */
		DBEAC24C2E9C70E700ED909F /* PBXContainerItemProxy */ = {
			isa = PBXContainerItemProxy;
			containerPortal = DBEAC2362E9C70E600ED909F /* Project object */;
			proxyType = 1;
			remoteGlobalIDString = DBEAC23D2E9C70E600ED909F;
			remoteInfo = EarTrainerApp;
		};
		DBEAC2562E9C70E700ED909F /* PBXContainerItemProxy */ = {
			isa = PBXContainerItemProxy;
			containerPortal = DBEAC2362E9C70E600ED909F /* Project object */;
			proxyType = 1;
			remoteGlobalIDString = DBEAC23D2E9C70E600ED909F;
			remoteInfo = EarTrainerApp;
		};
/* End PBXContainerItemProxy section */

/* Begin PBXFileReference section */
		DBEAC23E2E9C70E600ED909F /* EarTrainerApp.app */ = {isa = PBXFileReference; explicitFileType = wrapper.application; includeInIndex = 0; path = EarTrainerApp.app; sourceTree = BUILT_PRODUCTS_DIR; };
		DBEAC24B2E9C70E700ED909F /* EarTrainerAppTests.xctest */ = {isa = PBXFileReference; explicitFileType = wrapper.cfbundle; includeInIndex = 0; path = EarTrainerAppTests.xctest; sourceTree = BUILT_PRODUCTS_DIR; };
		DBEAC2552E9C70E700ED909F /* EarTrainerAppUITests.xctest */ = {isa = PBXFileReference; explicitFileType = wrapper.cfbundle; includeInIndex = 0; path = EarTrainerAppUITests.xctest; sourceTree = BUILT_PRODUCTS_DIR; };
/* End PBXFileReference section */

/* Begin PBXFileSystemSynchronizedRootGroup section */
		DBEAC2402E9C70E600ED909F /* EarTrainerApp */ = {
			isa = PBXFileSystemSynchronizedRootGroup;
			path = EarTrainerApp;
			sourceTree = "<group>";
		};
		DBEAC24E2E9C70E700ED909F /* EarTrainerAppTests */ = {
			isa = PBXFileSystemSynchronizedRootGroup;
			path = EarTrainerAppTests;
			sourceTree = "<group>";
		};
		DBEAC2582E9C70E700ED909F /* EarTrainerAppUITests */ = {
			isa = PBXFileSystemSynchronizedRootGroup;
			path = EarTrainerAppUITests;
			sourceTree = "<group>";
		};
/* End PBXFileSystemSynchronizedRootGroup section */

/* Begin PBXFrameworksBuildPhase section */
		DBEAC23B2E9C70E600ED909F /* Frameworks */ = {
			isa = PBXFrameworksBuildPhase;
			buildActionMask = 2147483647;
			files = (
				DBEAC26C2E9C721300ED909F /* AppUI in Frameworks */,
				DBEAC26E2E9C721300ED909F /* Bridge in Frameworks */,
			);
			runOnlyForDeploymentPostprocessing = 0;
		};
		DBEAC2482E9C70E700ED909F /* Frameworks */ = {
			isa = PBXFrameworksBuildPhase;
			buildActionMask = 2147483647;
			files = (
			);
			runOnlyForDeploymentPostprocessing = 0;
		};
		DBEAC2522E9C70E700ED909F /* Frameworks */ = {
			isa = PBXFrameworksBuildPhase;
			buildActionMask = 2147483647;
			files = (
			);
			runOnlyForDeploymentPostprocessing = 0;
		};
/* End PBXFrameworksBuildPhase section */

/* Begin PBXGroup section */
		DBEAC2352E9C70E600ED909F = {
			isa = PBXGroup;
			children = (
				DBEAC2402E9C70E600ED909F /* EarTrainerApp */,
				DBEAC24E2E9C70E700ED909F /* EarTrainerAppTests */,
				DBEAC2582E9C70E700ED909F /* EarTrainerAppUITests */,
				DBEAC23F2E9C70E600ED909F /* Products */,
			);
			sourceTree = "<group>";
		};
		DBEAC23F2E9C70E600ED909F /* Products */ = {
			isa = PBXGroup;
			children = (
				DBEAC23E2E9C70E600ED909F /* EarTrainerApp.app */,
				DBEAC24B2E9C70E700ED909F /* EarTrainerAppTests.xctest */,
				DBEAC2552E9C70E700ED909F /* EarTrainerAppUITests.xctest */,
			);
			name = Products;
			sourceTree = "<group>";
		};
/* End PBXGroup section */

/* Begin PBXNativeTarget section */
		DBEAC23D2E9C70E600ED909F /* EarTrainerApp */ = {
			isa = PBXNativeTarget;
			buildConfigurationList = DBEAC25F2E9C70E700ED909F /* Build configuration list for PBXNativeTarget "EarTrainerApp" */;
			buildPhases = (
				DBEAC23A2E9C70E600ED909F /* Sources */,
				DBEAC23B2E9C70E600ED909F /* Frameworks */,
				DBEAC23C2E9C70E600ED909F /* Resources */,
			);
			buildRules = (
			);
			dependencies = (
			);
			fileSystemSynchronizedGroups = (
				DBEAC2402E9C70E600ED909F /* EarTrainerApp */,
			);
			name = EarTrainerApp;
			packageProductDependencies = (
				DBEAC26B2E9C721300ED909F /* AppUI */,
				DBEAC26D2E9C721300ED909F /* Bridge */,
			);
			productName = EarTrainerApp;
			productReference = DBEAC23E2E9C70E600ED909F /* EarTrainerApp.app */;
			productType = "com.apple.product-type.application";
		};
		DBEAC24A2E9C70E700ED909F /* EarTrainerAppTests */ = {
			isa = PBXNativeTarget;
			buildConfigurationList = DBEAC2622E9C70E700ED909F /* Build configuration list for PBXNativeTarget "EarTrainerAppTests" */;
			buildPhases = (
				DBEAC2472E9C70E700ED909F /* Sources */,
				DBEAC2482E9C70E700ED909F /* Frameworks */,
				DBEAC2492E9C70E700ED909F /* Resources */,
			);
			buildRules = (
			);
			dependencies = (
				DBEAC24D2E9C70E700ED909F /* PBXTargetDependency */,
			);
			fileSystemSynchronizedGroups = (
				DBEAC24E2E9C70E700ED909F /* EarTrainerAppTests */,
			);
			name = EarTrainerAppTests;
			packageProductDependencies = (
			);
			productName = EarTrainerAppTests;
			productReference = DBEAC24B2E9C70E700ED909F /* EarTrainerAppTests.xctest */;
			productType = "com.apple.product-type.bundle.unit-test";
		};
		DBEAC2542E9C70E700ED909F /* EarTrainerAppUITests */ = {
			isa = PBXNativeTarget;
			buildConfigurationList = DBEAC2652E9C70E700ED909F /* Build configuration list for PBXNativeTarget "EarTrainerAppUITests" */;
			buildPhases = (
				DBEAC2512E9C70E700ED909F /* Sources */,
				DBEAC2522E9C70E700ED909F /* Frameworks */,
				DBEAC2532E9C70E700ED909F /* Resources */,
			);
			buildRules = (
			);
			dependencies = (
				DBEAC2572E9C70E700ED909F /* PBXTargetDependency */,
			);
			fileSystemSynchronizedGroups = (
				DBEAC2582E9C70E700ED909F /* EarTrainerAppUITests */,
			);
			name = EarTrainerAppUITests;
			packageProductDependencies = (
			);
			productName = EarTrainerAppUITests;
			productReference = DBEAC2552E9C70E700ED909F /* EarTrainerAppUITests.xctest */;
			productType = "com.apple.product-type.bundle.ui-testing";
		};
/* End PBXNativeTarget section */

/* Begin PBXProject section */
		DBEAC2362E9C70E600ED909F /* Project object */ = {
			isa = PBXProject;
			attributes = {
				BuildIndependentTargetsInParallel = 1;
				LastSwiftUpdateCheck = 2600;
				LastUpgradeCheck = 2600;
				TargetAttributes = {
					DBEAC23D2E9C70E600ED909F = {
						CreatedOnToolsVersion = 26.0.1;
					};
					DBEAC24A2E9C70E700ED909F = {
						CreatedOnToolsVersion = 26.0.1;
						TestTargetID = DBEAC23D2E9C70E600ED909F;
					};
					DBEAC2542E9C70E700ED909F = {
						CreatedOnToolsVersion = 26.0.1;
						TestTargetID = DBEAC23D2E9C70E600ED909F;
					};
				};
			};
			buildConfigurationList = DBEAC2392E9C70E600ED909F /* Build configuration list for PBXProject "EarTrainerApp" */;
			developmentRegion = en;
			hasScannedForEncodings = 0;
			knownRegions = (
				en,
				Base,
			);
			mainGroup = DBEAC2352E9C70E600ED909F;
			minimizedProjectReferenceProxies = 1;
			packageReferences = (
				DBEAC26A2E9C721300ED909F /* XCLocalSwiftPackageReference "../../Packages/AppUI" */,
			);
			preferredProjectObjectVersion = 77;
			productRefGroup = DBEAC23F2E9C70E600ED909F /* Products */;
			projectDirPath = "";
			projectRoot = "";
			targets = (
				DBEAC23D2E9C70E600ED909F /* EarTrainerApp */,
				DBEAC24A2E9C70E700ED909F /* EarTrainerAppTests */,
				DBEAC2542E9C70E700ED909F /* EarTrainerAppUITests */,
			);
		};
/* End PBXProject section */

/* Begin PBXResourcesBuildPhase section */
		DBEAC23C2E9C70E600ED909F /* Resources */ = {
			isa = PBXResourcesBuildPhase;
			buildActionMask = 2147483647;
			files = (
			);
			runOnlyForDeploymentPostprocessing = 0;
		};
		DBEAC2492E9C70E700ED909F /* Resources */ = {
			isa = PBXResourcesBuildPhase;
			buildActionMask = 2147483647;
			files = (
			);
			runOnlyForDeploymentPostprocessing = 0;
		};
		DBEAC2532E9C70E700ED909F /* Resources */ = {
			isa = PBXResourcesBuildPhase;
			buildActionMask = 2147483647;
			files = (
			);
			runOnlyForDeploymentPostprocessing = 0;
		};
/* End PBXResourcesBuildPhase section */

/* Begin PBXSourcesBuildPhase section */
		DBEAC23A2E9C70E600ED909F /* Sources */ = {
			isa = PBXSourcesBuildPhase;
			buildActionMask = 2147483647;
			files = (
			);
			runOnlyForDeploymentPostprocessing = 0;
		};
		DBEAC2472E9C70E700ED909F /* Sources */ = {
			isa = PBXSourcesBuildPhase;
			buildActionMask = 2147483647;
			files = (
			);
			runOnlyForDeploymentPostprocessing = 0;
		};
		DBEAC2512E9C70E700ED909F /* Sources */ = {
			isa = PBXSourcesBuildPhase;
			buildActionMask = 2147483647;
			files = (
			);
			runOnlyForDeploymentPostprocessing = 0;
		};
/* End PBXSourcesBuildPhase section */

/* Begin PBXTargetDependency section */
		DBEAC24D2E9C70E700ED909F /* PBXTargetDependency */ = {
			isa = PBXTargetDependency;
			target = DBEAC23D2E9C70E600ED909F /* EarTrainerApp */;
			targetProxy = DBEAC24C2E9C70E700ED909F /* PBXContainerItemProxy */;
		};
		DBEAC2572E9C70E700ED909F /* PBXTargetDependency */ = {
			isa = PBXTargetDependency;
			target = DBEAC23D2E9C70E600ED909F /* EarTrainerApp */;
			targetProxy = DBEAC2562E9C70E700ED909F /* PBXContainerItemProxy */;
		};
/* End PBXTargetDependency section */

/* Begin XCBuildConfiguration section */
		DBEAC25D2E9C70E700ED909F /* Debug */ = {
			isa = XCBuildConfiguration;
			buildSettings = {
				ALWAYS_SEARCH_USER_PATHS = NO;
				ASSETCATALOG_COMPILER_GENERATE_SWIFT_ASSET_SYMBOL_EXTENSIONS = YES;
				CLANG_ANALYZER_NONNULL = YES;
				CLANG_ANALYZER_NUMBER_OBJECT_CONVERSION = YES_AGGRESSIVE;
				CLANG_CXX_LANGUAGE_STANDARD = "gnu++20";
				CLANG_ENABLE_MODULES = YES;
				CLANG_ENABLE_OBJC_ARC = YES;
				CLANG_ENABLE_OBJC_WEAK = YES;
				CLANG_WARN_BLOCK_CAPTURE_AUTORELEASING = YES;
				CLANG_WARN_BOOL_CONVERSION = YES;
				CLANG_WARN_COMMA = YES;
				CLANG_WARN_CONSTANT_CONVERSION = YES;
				CLANG_WARN_DEPRECATED_OBJC_IMPLEMENTATIONS = YES;
				CLANG_WARN_DIRECT_OBJC_ISA_USAGE = YES_ERROR;
				CLANG_WARN_DOCUMENTATION_COMMENTS = YES;
				CLANG_WARN_EMPTY_BODY = YES;
				CLANG_WARN_ENUM_CONVERSION = YES;
				CLANG_WARN_INFINITE_RECURSION = YES;
				CLANG_WARN_INT_CONVERSION = YES;
				CLANG_WARN_NON_LITERAL_NULL_CONVERSION = YES;
				CLANG_WARN_OBJC_IMPLICIT_RETAIN_SELF = YES;
				CLANG_WARN_OBJC_LITERAL_CONVERSION = YES;
				CLANG_WARN_OBJC_ROOT_CLASS = YES_ERROR;
				CLANG_WARN_QUOTED_INCLUDE_IN_FRAMEWORK_HEADER = YES;
				CLANG_WARN_RANGE_LOOP_ANALYSIS = YES;
				CLANG_WARN_STRICT_PROTOTYPES = YES;
				CLANG_WARN_SUSPICIOUS_MOVE = YES;
				CLANG_WARN_UNGUARDED_AVAILABILITY = YES_AGGRESSIVE;
				CLANG_WARN_UNREACHABLE_CODE = YES;
				CLANG_WARN__DUPLICATE_METHOD_MATCH = YES;
				COPY_PHASE_STRIP = NO;
				DEBUG_INFORMATION_FORMAT = dwarf;
				DEVELOPMENT_TEAM = B9KBCQNZ8H;
				ENABLE_STRICT_OBJC_MSGSEND = YES;
				ENABLE_TESTABILITY = YES;
				ENABLE_USER_SCRIPT_SANDBOXING = YES;
				GCC_C_LANGUAGE_STANDARD = gnu17;
				GCC_DYNAMIC_NO_PIC = NO;
				GCC_NO_COMMON_BLOCKS = YES;
				GCC_OPTIMIZATION_LEVEL = 0;
				GCC_PREPROCESSOR_DEFINITIONS = (
					"DEBUG=1",
					"$(inherited)",
				);
				GCC_WARN_64_TO_32_BIT_CONVERSION = YES;
				GCC_WARN_ABOUT_RETURN_TYPE = YES_ERROR;
				GCC_WARN_UNDECLARED_SELECTOR = YES;
				GCC_WARN_UNINITIALIZED_AUTOS = YES_AGGRESSIVE;
				GCC_WARN_UNUSED_FUNCTION = YES;
				GCC_WARN_UNUSED_VARIABLE = YES;
				IPHONEOS_DEPLOYMENT_TARGET = 26.0;
				LOCALIZATION_PREFERS_STRING_CATALOGS = YES;
				MTL_ENABLE_DEBUG_INFO = INCLUDE_SOURCE;
				MTL_FAST_MATH = YES;
				ONLY_ACTIVE_ARCH = YES;
				SDKROOT = iphoneos;
				SWIFT_ACTIVE_COMPILATION_CONDITIONS = "DEBUG $(inherited)";
				SWIFT_OPTIMIZATION_LEVEL = "-Onone";
			};
			name = Debug;
		};
		DBEAC25E2E9C70E700ED909F /* Release */ = {
			isa = XCBuildConfiguration;
			buildSettings = {
				ALWAYS_SEARCH_USER_PATHS = NO;
				ASSETCATALOG_COMPILER_GENERATE_SWIFT_ASSET_SYMBOL_EXTENSIONS = YES;
				CLANG_ANALYZER_NONNULL = YES;
				CLANG_ANALYZER_NUMBER_OBJECT_CONVERSION = YES_AGGRESSIVE;
				CLANG_CXX_LANGUAGE_STANDARD = "gnu++20";
				CLANG_ENABLE_MODULES = YES;
				CLANG_ENABLE_OBJC_ARC = YES;
				CLANG_ENABLE_OBJC_WEAK = YES;
				CLANG_WARN_BLOCK_CAPTURE_AUTORELEASING = YES;
				CLANG_WARN_BOOL_CONVERSION = YES;
				CLANG_WARN_COMMA = YES;
				CLANG_WARN_CONSTANT_CONVERSION = YES;
				CLANG_WARN_DEPRECATED_OBJC_IMPLEMENTATIONS = YES;
				CLANG_WARN_DIRECT_OBJC_ISA_USAGE = YES_ERROR;
				CLANG_WARN_DOCUMENTATION_COMMENTS = YES;
				CLANG_WARN_EMPTY_BODY = YES;
				CLANG_WARN_ENUM_CONVERSION = YES;
				CLANG_WARN_INFINITE_RECURSION = YES;
				CLANG_WARN_INT_CONVERSION = YES;
				CLANG_WARN_NON_LITERAL_NULL_CONVERSION = YES;
				CLANG_WARN_OBJC_IMPLICIT_RETAIN_SELF = YES;
				CLANG_WARN_OBJC_LITERAL_CONVERSION = YES;
				CLANG_WARN_OBJC_ROOT_CLASS = YES_ERROR;
				CLANG_WARN_QUOTED_INCLUDE_IN_FRAMEWORK_HEADER = YES;
				CLANG_WARN_RANGE_LOOP_ANALYSIS = YES;
				CLANG_WARN_STRICT_PROTOTYPES = YES;
				CLANG_WARN_SUSPICIOUS_MOVE = YES;
				CLANG_WARN_UNGUARDED_AVAILABILITY = YES_AGGRESSIVE;
				CLANG_WARN_UNREACHABLE_CODE = YES;
				CLANG_WARN__DUPLICATE_METHOD_MATCH = YES;
				COPY_PHASE_STRIP = NO;
				DEBUG_INFORMATION_FORMAT = "dwarf-with-dsym";
				DEVELOPMENT_TEAM = B9KBCQNZ8H;
				ENABLE_NS_ASSERTIONS = NO;
				ENABLE_STRICT_OBJC_MSGSEND = YES;
				ENABLE_USER_SCRIPT_SANDBOXING = YES;
				GCC_C_LANGUAGE_STANDARD = gnu17;
				GCC_NO_COMMON_BLOCKS = YES;
				GCC_WARN_64_TO_32_BIT_CONVERSION = YES;
				GCC_WARN_ABOUT_RETURN_TYPE = YES_ERROR;
				GCC_WARN_UNDECLARED_SELECTOR = YES;
				GCC_WARN_UNINITIALIZED_AUTOS = YES_AGGRESSIVE;
				GCC_WARN_UNUSED_FUNCTION = YES;
				GCC_WARN_UNUSED_VARIABLE = YES;
				IPHONEOS_DEPLOYMENT_TARGET = 26.0;
				LOCALIZATION_PREFERS_STRING_CATALOGS = YES;
				MTL_ENABLE_DEBUG_INFO = NO;
				MTL_FAST_MATH = YES;
				SDKROOT = iphoneos;
				SWIFT_COMPILATION_MODE = wholemodule;
				VALIDATE_PRODUCT = YES;
			};
			name = Release;
		};
		DBEAC2602E9C70E700ED909F /* Debug */ = {
			isa = XCBuildConfiguration;
			buildSettings = {
				ASSETCATALOG_COMPILER_APPICON_NAME = AppIcon;
				ASSETCATALOG_COMPILER_GLOBAL_ACCENT_COLOR_NAME = AccentColor;
				CODE_SIGN_STYLE = Automatic;
				CURRENT_PROJECT_VERSION = 1;
				DEVELOPMENT_TEAM = B9KBCQNZ8H;
				ENABLE_PREVIEWS = YES;
				GENERATE_INFOPLIST_FILE = YES;
				INFOPLIST_KEY_UIApplicationSceneManifest_Generation = YES;
				INFOPLIST_KEY_UIApplicationSupportsIndirectInputEvents = YES;
				INFOPLIST_KEY_UILaunchScreen_Generation = YES;
				INFOPLIST_KEY_UISupportedInterfaceOrientations_iPad = "UIInterfaceOrientationPortrait UIInterfaceOrientationPortraitUpsideDown UIInterfaceOrientationLandscapeLeft UIInterfaceOrientationLandscapeRight";
				INFOPLIST_KEY_UISupportedInterfaceOrientations_iPhone = "UIInterfaceOrientationPortrait UIInterfaceOrientationLandscapeLeft UIInterfaceOrientationLandscapeRight";
				LD_RUNPATH_SEARCH_PATHS = (
					"$(inherited)",
					"@executable_path/Frameworks",
				);
				MARKETING_VERSION = 1.0;
				PRODUCT_BUNDLE_IDENTIFIER = mycompany.EarTrainerApp;
				PRODUCT_NAME = "$(TARGET_NAME)";
				STRING_CATALOG_GENERATE_SYMBOLS = YES;
				SWIFT_APPROACHABLE_CONCURRENCY = YES;
				SWIFT_DEFAULT_ACTOR_ISOLATION = MainActor;
				SWIFT_EMIT_LOC_STRINGS = YES;
				SWIFT_UPCOMING_FEATURE_MEMBER_IMPORT_VISIBILITY = YES;
				SWIFT_VERSION = 5.0;
				TARGETED_DEVICE_FAMILY = "1,2";
			};
			name = Debug;
		};
		DBEAC2612E9C70E700ED909F /* Release */ = {
			isa = XCBuildConfiguration;
			buildSettings = {
				ASSETCATALOG_COMPILER_APPICON_NAME = AppIcon;
				ASSETCATALOG_COMPILER_GLOBAL_ACCENT_COLOR_NAME = AccentColor;
				CODE_SIGN_STYLE = Automatic;
				CURRENT_PROJECT_VERSION = 1;
				DEVELOPMENT_TEAM = B9KBCQNZ8H;
				ENABLE_PREVIEWS = YES;
				GENERATE_INFOPLIST_FILE = YES;
				INFOPLIST_KEY_UIApplicationSceneManifest_Generation = YES;
				INFOPLIST_KEY_UIApplicationSupportsIndirectInputEvents = YES;
				INFOPLIST_KEY_UILaunchScreen_Generation = YES;
				INFOPLIST_KEY_UISupportedInterfaceOrientations_iPad = "UIInterfaceOrientationPortrait UIInterfaceOrientationPortraitUpsideDown UIInterfaceOrientationLandscapeLeft UIInterfaceOrientationLandscapeRight";
				INFOPLIST_KEY_UISupportedInterfaceOrientations_iPhone = "UIInterfaceOrientationPortrait UIInterfaceOrientationLandscapeLeft UIInterfaceOrientationLandscapeRight";
				LD_RUNPATH_SEARCH_PATHS = (
					"$(inherited)",
					"@executable_path/Frameworks",
				);
				MARKETING_VERSION = 1.0;
				PRODUCT_BUNDLE_IDENTIFIER = mycompany.EarTrainerApp;
				PRODUCT_NAME = "$(TARGET_NAME)";
				STRING_CATALOG_GENERATE_SYMBOLS = YES;
				SWIFT_APPROACHABLE_CONCURRENCY = YES;
				SWIFT_DEFAULT_ACTOR_ISOLATION = MainActor;
				SWIFT_EMIT_LOC_STRINGS = YES;
				SWIFT_UPCOMING_FEATURE_MEMBER_IMPORT_VISIBILITY = YES;
				SWIFT_VERSION = 5.0;
				TARGETED_DEVICE_FAMILY = "1,2";
			};
			name = Release;
		};
		DBEAC2632E9C70E700ED909F /* Debug */ = {
			isa = XCBuildConfiguration;
			buildSettings = {
				BUNDLE_LOADER = "$(TEST_HOST)";
				CODE_SIGN_STYLE = Automatic;
				CURRENT_PROJECT_VERSION = 1;
				DEVELOPMENT_TEAM = B9KBCQNZ8H;
				GENERATE_INFOPLIST_FILE = YES;
				IPHONEOS_DEPLOYMENT_TARGET = 26.0;
				MARKETING_VERSION = 1.0;
				PRODUCT_BUNDLE_IDENTIFIER = mycompany.EarTrainerAppTests;
				PRODUCT_NAME = "$(TARGET_NAME)";
				STRING_CATALOG_GENERATE_SYMBOLS = NO;
				SWIFT_APPROACHABLE_CONCURRENCY = YES;
				SWIFT_EMIT_LOC_STRINGS = NO;
				SWIFT_UPCOMING_FEATURE_MEMBER_IMPORT_VISIBILITY = YES;
				SWIFT_VERSION = 5.0;
				TARGETED_DEVICE_FAMILY = "1,2";
				TEST_HOST = "$(BUILT_PRODUCTS_DIR)/EarTrainerApp.app/$(BUNDLE_EXECUTABLE_FOLDER_PATH)/EarTrainerApp";
			};
			name = Debug;
		};
		DBEAC2642E9C70E700ED909F /* Release */ = {
			isa = XCBuildConfiguration;
			buildSettings = {
				BUNDLE_LOADER = "$(TEST_HOST)";
				CODE_SIGN_STYLE = Automatic;
				CURRENT_PROJECT_VERSION = 1;
				DEVELOPMENT_TEAM = B9KBCQNZ8H;
				GENERATE_INFOPLIST_FILE = YES;
				IPHONEOS_DEPLOYMENT_TARGET = 26.0;
				MARKETING_VERSION = 1.0;
				PRODUCT_BUNDLE_IDENTIFIER = mycompany.EarTrainerAppTests;
				PRODUCT_NAME = "$(TARGET_NAME)";
				STRING_CATALOG_GENERATE_SYMBOLS = NO;
				SWIFT_APPROACHABLE_CONCURRENCY = YES;
				SWIFT_EMIT_LOC_STRINGS = NO;
				SWIFT_UPCOMING_FEATURE_MEMBER_IMPORT_VISIBILITY = YES;
				SWIFT_VERSION = 5.0;
				TARGETED_DEVICE_FAMILY = "1,2";
				TEST_HOST = "$(BUILT_PRODUCTS_DIR)/EarTrainerApp.app/$(BUNDLE_EXECUTABLE_FOLDER_PATH)/EarTrainerApp";
			};
			name = Release;
		};
		DBEAC2662E9C70E700ED909F /* Debug */ = {
			isa = XCBuildConfiguration;
			buildSettings = {
				CODE_SIGN_STYLE = Automatic;
				CURRENT_PROJECT_VERSION = 1;
				DEVELOPMENT_TEAM = B9KBCQNZ8H;
				GENERATE_INFOPLIST_FILE = YES;
				MARKETING_VERSION = 1.0;
				PRODUCT_BUNDLE_IDENTIFIER = mycompany.EarTrainerAppUITests;
				PRODUCT_NAME = "$(TARGET_NAME)";
				STRING_CATALOG_GENERATE_SYMBOLS = NO;
				SWIFT_APPROACHABLE_CONCURRENCY = YES;
				SWIFT_EMIT_LOC_STRINGS = NO;
				SWIFT_UPCOMING_FEATURE_MEMBER_IMPORT_VISIBILITY = YES;
				SWIFT_VERSION = 5.0;
				TARGETED_DEVICE_FAMILY = "1,2";
				TEST_TARGET_NAME = EarTrainerApp;
			};
			name = Debug;
		};
		DBEAC2672E9C70E700ED909F /* Release */ = {
			isa = XCBuildConfiguration;
			buildSettings = {
				CODE_SIGN_STYLE = Automatic;
				CURRENT_PROJECT_VERSION = 1;
				DEVELOPMENT_TEAM = B9KBCQNZ8H;
				GENERATE_INFOPLIST_FILE = YES;
				MARKETING_VERSION = 1.0;
				PRODUCT_BUNDLE_IDENTIFIER = mycompany.EarTrainerAppUITests;
				PRODUCT_NAME = "$(TARGET_NAME)";
				STRING_CATALOG_GENERATE_SYMBOLS = NO;
				SWIFT_APPROACHABLE_CONCURRENCY = YES;
				SWIFT_EMIT_LOC_STRINGS = NO;
				SWIFT_UPCOMING_FEATURE_MEMBER_IMPORT_VISIBILITY = YES;
				SWIFT_VERSION = 5.0;
				TARGETED_DEVICE_FAMILY = "1,2";
				TEST_TARGET_NAME = EarTrainerApp;
			};
			name = Release;
		};
/* End XCBuildConfiguration section */

/* Begin XCConfigurationList section */
		DBEAC2392E9C70E600ED909F /* Build configuration list for PBXProject "EarTrainerApp" */ = {
			isa = XCConfigurationList;
			buildConfigurations = (
				DBEAC25D2E9C70E700ED909F /* Debug */,
				DBEAC25E2E9C70E700ED909F /* Release */,
			);
			defaultConfigurationIsVisible = 0;
			defaultConfigurationName = Release;
		};
		DBEAC25F2E9C70E700ED909F /* Build configuration list for PBXNativeTarget "EarTrainerApp" */ = {
			isa = XCConfigurationList;
			buildConfigurations = (
				DBEAC2602E9C70E700ED909F /* Debug */,
				DBEAC2612E9C70E700ED909F /* Release */,
			);
			defaultConfigurationIsVisible = 0;
			defaultConfigurationName = Release;
		};
		DBEAC2622E9C70E700ED909F /* Build configuration list for PBXNativeTarget "EarTrainerAppTests" */ = {
			isa = XCConfigurationList;
			buildConfigurations = (
				DBEAC2632E9C70E700ED909F /* Debug */,
				DBEAC2642E9C70E700ED909F /* Release */,
			);
			defaultConfigurationIsVisible = 0;
			defaultConfigurationName = Release;
		};
		DBEAC2652E9C70E700ED909F /* Build configuration list for PBXNativeTarget "EarTrainerAppUITests" */ = {
			isa = XCConfigurationList;
			buildConfigurations = (
				DBEAC2662E9C70E700ED909F /* Debug */,
				DBEAC2672E9C70E700ED909F /* Release */,
			);
			defaultConfigurationIsVisible = 0;
			defaultConfigurationName = Release;
		};
/* End XCConfigurationList section */

/* Begin XCLocalSwiftPackageReference section */
		DBEAC26A2E9C721300ED909F /* XCLocalSwiftPackageReference "../../Packages/AppUI" */ = {
			isa = XCLocalSwiftPackageReference;
			relativePath = ../../Packages/AppUI;
		};
/* End XCLocalSwiftPackageReference section */

/* Begin XCSwiftPackageProductDependency section */
		DBEAC26B2E9C721300ED909F /* AppUI */ = {
			isa = XCSwiftPackageProductDependency;
			productName = AppUI;
		};
		DBEAC26D2E9C721300ED909F /* Bridge */ = {
			isa = XCSwiftPackageProductDependency;
			productName = Bridge;
		};
/* End XCSwiftPackageProductDependency section */
	};
	rootObject = DBEAC2362E9C70E600ED909F /* Project object */;
}
